
Microsoft Visual Studio Solution File, Format Version 12.00
# Visual Studio Version 16
VisualStudioVersion = 16.0.30330.147
MinimumVisualStudioVersion = 10.0.40219.1
Project("{FAE04EC0-301F-11D3-BF4B-00C04F79EFBC}") = "Step89_mathandcomparisonoperators", "Step89_mathandcomparisonoperators\Step89_mathandcomparisonoperators.csproj", "{21343F60-37D6-415F-94DC-A0B47448027C}"
EndProject
Global
	GlobalSection(SolutionConfigurationPlatforms) = preSolution
		Debug|Any CPU = Debug|Any CPU
		Release|Any CPU = Release|Any CPU
	EndGlobalSection
	GlobalSection(ProjectConfigurationPlatforms) = postSolution
		{21343F60-37D6-415F-94DC-A0B47448027C}.Debug|Any CPU.ActiveCfg = Debug|Any CPU
		{21343F60-37D6-415F-94DC-A0B47448027C}.Debug|Any CPU.Build.0 = Debug|Any CPU
		{21343F60-37D6-415F-94DC-A0B47448027C}.Release|Any CPU.ActiveCfg = Release|Any CPU
		{21343F60-37D6-415F-94DC-A0B47448027C}.Release|Any CPU.Build.0 = Release|Any CPU
	EndGlobalSection
	GlobalSection(SolutionProperties) = preSolution
		HideSolutionNode = FALSE
	EndGlobalSection
	GlobalSection(ExtensibilityGlobals) = postSolution
		SolutionGuid = {76299E0E-DA94-4F72-AA84-C628D26E4D43}
	EndGlobalSection
EndGlobal
